<?xml version="1.0" encoding="utf-8"?>
<Project ToolsVersion="4.0" xmlns="http://schemas.microsoft.com/developer/msbuild/2003">
  <ItemGroup>
    <Filter Include="Source Files">
      <UniqueIdentifier>{4FC737F1-C7A5-4376-A066-2A32D752A2FF}</UniqueIdentifier>
      <Extensions>cpp;c;cc;cxx;def;odl;idl;hpj;bat;asm;asmx</Extensions>
    </Filter>
    <Filter Include="Header Files">
      <UniqueIdentifier>{93995380-89BD-4b04-88EB-625FBE52EBFB}</UniqueIdentifier>
      <Extensions>h;hh;hpp;hxx;hm;inl;inc;ipp;xsd</Extensions>
    </Filter>
    <Filter Include="Resource Files">
      <UniqueIdentifier>{67DA6AB6-F800-4c08-8B7A-83BB121AAD01}</UniqueIdentifier>
      <Extensions>rc;ico;cur;bmp;dlg;rc2;rct;bin;rgs;gif;jpg;jpeg;jpe;resx;tiff;tif;png;wav;mfcribbon-ms</Extensions>
    </Filter>
    <Filter Include="Shaders">
      <UniqueIdentifier>{33f9c9dc-36d9-4a38-9f15-1ff959028284}</UniqueIdentifier>
    </Filter>
    <Filter Include="Shaders\Fragment">
      <UniqueIdentifier>{95225873-1a65-4cc0-b6b7-67920d96476e}</UniqueIdentifier>
    </Filter>
    <Filter Include="Shaders\Vertex">
      <UniqueIdentifier>{10280337-5809-47f5-8e16-f17082bc6b10}</UniqueIdentifier>
    </Filter>
    <Filter Include="Audio">
      <UniqueIdentifier>{5724c67c-225f-46b9-aef4-2f1e42a874cf}</UniqueIdentifier>
    </Filter>
    <Filter Include="Shaders\Geometry">
      <UniqueIdentifier>{e0a4905c-55de-4358-bc2a-42232bec44dd}</UniqueIdentifier>
    </Filter>
    <Filter Include="Graphics">
      <UniqueIdentifier>{335bee13-1bbe-44de-84a4-c8514ecb160f}</UniqueIdentifier>
    </Filter>
    <Filter Include="Shaders\Headers">
      <UniqueIdentifier>{eee164ec-7cf8-4eb4-926f-d287d410fd90}</UniqueIdentifier>
    </Filter>
    <Filter Include="Shaders\Source">
      <UniqueIdentifier>{900a422c-e347-4a50-8a04-507b9090f85c}</UniqueIdentifier>
    </Filter>
    <Filter Include="Event">
      <UniqueIdentifier>{6bfeb970-5902-44fa-9a32-a03fc3103ca9}</UniqueIdentifier>
    </Filter>
    <Filter Include="Event\Source">
      <UniqueIdentifier>{5edb4010-8c7a-4570-a94a-6974c4675bc1}</UniqueIdentifier>
    </Filter>
    <Filter Include="Event\Header">
      <UniqueIdentifier>{bf309383-2d7b-422c-874e-fa43c0977cf1}</UniqueIdentifier>
    </Filter>
    <Filter Include="Audio\Source">
      <UniqueIdentifier>{d1eb88b3-5bba-42ea-878e-159a82af686e}</UniqueIdentifier>
    </Filter>
    <Filter Include="Audio\Headers">
      <UniqueIdentifier>{b2b7be22-95ac-4d75-985d-8f67e45b5c3d}</UniqueIdentifier>
    </Filter>
  </ItemGroup>
  <ItemGroup>
    <ClCompile Include="RunGraphics.cpp">
      <Filter>Source Files</Filter>
    </ClCompile>
    <ClCompile Include="..\SDKs\OpenGL Stuff\Include\src\glad.c">
      <Filter>Source Files</Filter>
    </ClCompile>
    <ClCompile Include="Graphics.cpp">
      <Filter>Graphics</Filter>
    </ClCompile>
    <ClCompile Include="Text.cpp">
      <Filter>Graphics</Filter>
    </ClCompile>
    <ClCompile Include="Shader.cpp">
      <Filter>Shaders\Source</Filter>
    </ClCompile>
    <ClCompile Include="ShaderManager.cpp">
      <Filter>Shaders\Source</Filter>
    </ClCompile>
    <ClCompile Include="EventManager.cpp">
      <Filter>Event\Source</Filter>
    </ClCompile>
    <ClCompile Include="Event.cpp">
      <Filter>Event\Source</Filter>
    </ClCompile>
    <ClCompile Include="CircularQueue.cpp">
      <Filter>Event\Source</Filter>
    </ClCompile>
    <ClCompile Include="Recording.cpp">
      <Filter>Audio\Source</Filter>
    </ClCompile>
    <ClCompile Include="Audio\Audio.cpp">
      <Filter>Audio\Source</Filter>
    </ClCompile>
  </ItemGroup>
  <ItemGroup>
    <ClInclude Include="dirent.h">
      <Filter>Header Files</Filter>
    </ClInclude>
    <ClInclude Include="Graphics.h">
      <Filter>Graphics</Filter>
    </ClInclude>
    <ClInclude Include="Text.h">
      <Filter>Graphics</Filter>
    </ClInclude>
    <ClInclude Include="Shaders\Shader.h">
      <Filter>Shaders\Headers</Filter>
    </ClInclude>
    <ClInclude Include="ShaderManager.h">
      <Filter>Shaders\Headers</Filter>
    </ClInclude>
    <ClInclude Include="Event.h">
      <Filter>Event\Header</Filter>
    </ClInclude>
    <ClInclude Include="EventManager.h">
      <Filter>Event\Header</Filter>
    </ClInclude>
    <ClInclude Include="CircularQueue.h">
      <Filter>Event\Header</Filter>
    </ClInclude>
    <ClInclude Include="Audio\Audio.h">
      <Filter>Audio\Headers</Filter>
    </ClInclude>
    <ClInclude Include="Recording.h">
      <Filter>Audio\Headers</Filter>
    </ClInclude>
  </ItemGroup>
  <ItemGroup>
    <None Include="Shaders\Geometry\shader.gs">
      <Filter>Shaders\Geometry</Filter>
    </None>
    <None Include="Shaders\Vertex\basic_vert.vs">
      <Filter>Shaders\Vertex</Filter>
    </None>
    <None Include="Shaders\Fragment\eclipse.frag">
      <Filter>Shaders\Fragment</Filter>
    </None>
    <None Include="Shaders\Fragment\eye.frag">
      <Filter>Shaders\Fragment</Filter>
    </None>
    <None Include="Shaders\Fragment\flowers.frag">
      <Filter>Shaders\Fragment</Filter>
    </None>
    <None Include="Shaders\Fragment\fractid.frag">
      <Filter>Shaders\Fragment</Filter>
    </None>
    <None Include="Shaders\Fragment\infinity.frag">
      <Filter>Shaders\Fragment</Filter>
    </None>
    <None Include="Shaders\Fragment\lightning.frag">
      <Filter>Shaders\Fragment</Filter>
    </None>
    <None Include="Shaders\Fragment\lightshow.frag">
      <Filter>Shaders\Fragment</Filter>
    </None>
    <None Include="Shaders\Fragment\pinneal.frag">
      <Filter>Shaders\Fragment</Filter>
    </None>
    <None Include="Shaders\Fragment\smoke.frag">
      <Filter>Shaders\Fragment</Filter>
    </None>
    <None Include="Shaders\Fragment\space.frag">
      <Filter>Shaders\Fragment</Filter>
    </None>
    <None Include="Shaders\Fragment\tapestry.frag">
      <Filter>Shaders\Fragment</Filter>
    </None>
    <None Include="Shaders\Fragment\tunnel.frag">
      <Filter>Shaders\Fragment</Filter>
    </None>
    <None Include="Shaders\Fragment\pillars.frag">
      <Filter>Shaders\Fragment</Filter>
    </None>
    <None Include="Shaders\Fragment\triangles.frag">
      <Filter>Shaders\Fragment</Filter>
    </None>
    <None Include="Shaders\Fragment\blossom.frag">
      <Filter>Shaders\Fragment</Filter>
    </None>
    <None Include="Shaders\Fragment\moons.frag">
      <Filter>Shaders\Fragment</Filter>
    </None>
    <None Include="Shaders\Fragment\static.frag">
      <Filter>Shaders\Fragment</Filter>
    </None>
    <None Include="Shaders\Fragment\squiggles.frag">
      <Filter>Shaders\Fragment</Filter>
    </None>
    <None Include="Shaders\Fragment\zap.frag">
      <Filter>Shaders\Fragment</Filter>
    </None>
    <None Include="Shaders\Fragment\hex.frag">
      <Filter>Shaders\Fragment</Filter>
    </None>
  </ItemGroup>
</Project>