
Microsoft Visual Studio Solution File, Format Version 12.00
# Visual Studio 14
Project("{8BC9CEB8-8B4A-11D0-8D11-00A0C91BC942}") = "3d", "3d.vcxproj", "{F52CC005-2CFB-4C70-80B2-A59BA24ECD6A}"
EndProject
Project("{8BC9CEB8-8B4A-11D0-8D11-00A0C91BC942}") = "channel_groups", "channel_groups.vcxproj", "{5C387492-BEC7-4794-95B8-9A906884B81D}"
EndProject
Project("{8BC9CEB8-8B4A-11D0-8D11-00A0C91BC942}") = "convolution_reverb", "convolution_reverb.vcxproj", "{ACC25CEC-7C1C-417A-8FEE-0E90A73D9D3C}"
EndProject
Project("{8BC9CEB8-8B4A-11D0-8D11-00A0C91BC942}") = "dsp_custom", "dsp_custom.vcxproj", "{63FED1D6-EF06-4FBB-9337-91A2A221B178}"
EndProject
Project("{8BC9CEB8-8B4A-11D0-8D11-00A0C91BC942}") = "dsp_effect_per_speaker", "dsp_effect_per_speaker.vcxproj", "{16F8C976-BB83-4E88-980D-6A6F9CD28E26}"
EndProject
Project("{8BC9CEB8-8B4A-11D0-8D11-00A0C91BC942}") = "dsp_inspector", "dsp_inspector.vcxproj", "{9E8624B2-562E-4659-8F74-1EBD506C3F35}"
EndProject
Project("{8BC9CEB8-8B4A-11D0-8D11-00A0C91BC942}") = "effects", "effects.vcxproj", "{1DB38DA7-53C7-4C0F-8DD9-CD5864107990}"
EndProject
Project("{8BC9CEB8-8B4A-11D0-8D11-00A0C91BC942}") = "gapless_playback", "gapless_playback.vcxproj", "{5C9E166F-A705-4EEF-8315-6FA2128B884B}"
EndProject
Project("{8BC9CEB8-8B4A-11D0-8D11-00A0C91BC942}") = "generate_tone", "generate_tone.vcxproj", "{87212EEF-CD30-46A3-B185-311312AF12AD}"
EndProject
Project("{8BC9CEB8-8B4A-11D0-8D11-00A0C91BC942}") = "granular_synth", "granular_synth.vcxproj", "{EAD08DEA-FC49-4588-95A3-8FEBE02EE5E3}"
EndProject
Project("{8BC9CEB8-8B4A-11D0-8D11-00A0C91BC942}") = "load_from_memory", "load_from_memory.vcxproj", "{62B582F2-4CF1-4777-A63C-2B7993F1A9C3}"
EndProject
Project("{8BC9CEB8-8B4A-11D0-8D11-00A0C91BC942}") = "multiple_speaker", "multiple_speaker.vcxproj", "{885E3014-77CA-472D-AB7E-1FA3D40EBF64}"
EndProject
Project("{8BC9CEB8-8B4A-11D0-8D11-00A0C91BC942}") = "multiple_system", "multiple_system.vcxproj", "{C554ED12-2204-40C3-AC34-DA0933A38132}"
EndProject
Project("{8BC9CEB8-8B4A-11D0-8D11-00A0C91BC942}") = "net_stream", "net_stream.vcxproj", "{5EDFC8CB-B2B4-4222-A6CD-F7475A9D5C88}"
EndProject
Project("{8BC9CEB8-8B4A-11D0-8D11-00A0C91BC942}") = "play_sound", "play_sound.vcxproj", "{63369927-21B4-4929-9120-2C3BD3499076}"
EndProject
Project("{8BC9CEB8-8B4A-11D0-8D11-00A0C91BC942}") = "play_stream", "play_stream.vcxproj", "{4C93A2DB-F09F-47BA-8C1D-67736999D6D1}"
EndProject
Project("{8BC9CEB8-8B4A-11D0-8D11-00A0C91BC942}") = "record", "record.vcxproj", "{60B49D54-E29B-4C00-BDA5-6A84FE4D4F4D}"
EndProject
Project("{8BC9CEB8-8B4A-11D0-8D11-00A0C91BC942}") = "record_enumeration", "record_enumeration.vcxproj", "{7B2A3456-F9F4-4476-9473-A8E06B78376B}"
EndProject
Project("{8BC9CEB8-8B4A-11D0-8D11-00A0C91BC942}") = "user_created_sound", "user_created_sound.vcxproj", "{2DDD2D96-20D0-484F-934E-38A1B692B9F3}"
EndProject
Project("{8BC9CEB8-8B4A-11D0-8D11-00A0C91BC942}") = "fmod_codec_raw", "fmod_codec_raw.vcxproj", "{4327C066-DFA0-4984-B112-D02EE602529D}"
EndProject
Project("{8BC9CEB8-8B4A-11D0-8D11-00A0C91BC942}") = "fmod_distance_filter", "fmod_distance_filter.vcxproj", "{2F371FF4-4CB5-4D3D-87A3-817CF00655EE}"
EndProject
Project("{8BC9CEB8-8B4A-11D0-8D11-00A0C91BC942}") = "fmod_gain", "fmod_gain.vcxproj", "{B1271452-B5C7-4308-A51F-8F01EB9FFE6E}"
EndProject
Project("{8BC9CEB8-8B4A-11D0-8D11-00A0C91BC942}") = "fmod_noise", "fmod_noise.vcxproj", "{0B210C00-4E3E-4E8A-AFBC-D929526A83CE}"
EndProject
Global
	GlobalSection(SolutionConfigurationPlatforms) = preSolution
		Debug|ARM = Debug|ARM
		Debug|Win32 = Debug|Win32
		Debug|x64 = Debug|x64
		Release|ARM = Release|ARM
		Release|Win32 = Release|Win32
		Release|x64 = Release|x64
	EndGlobalSection
	GlobalSection(ProjectConfigurationPlatforms) = postSolution
		{F52CC005-2CFB-4C70-80B2-A59BA24ECD6A}.Debug|ARM.ActiveCfg = Debug|ARM
		{F52CC005-2CFB-4C70-80B2-A59BA24ECD6A}.Debug|ARM.Build.0 = Debug|ARM
		{F52CC005-2CFB-4C70-80B2-A59BA24ECD6A}.Debug|ARM.Deploy.0 = Debug|ARM
		{F52CC005-2CFB-4C70-80B2-A59BA24ECD6A}.Debug|Win32.ActiveCfg = Debug|Win32
		{F52CC005-2CFB-4C70-80B2-A59BA24ECD6A}.Debug|Win32.Build.0 = Debug|Win32
		{F52CC005-2CFB-4C70-80B2-A59BA24ECD6A}.Debug|Win32.Deploy.0 = Debug|Win32
		{F52CC005-2CFB-4C70-80B2-A59BA24ECD6A}.Debug|x64.ActiveCfg = Debug|x64
		{F52CC005-2CFB-4C70-80B2-A59BA24ECD6A}.Debug|x64.Build.0 = Debug|x64
		{F52CC005-2CFB-4C70-80B2-A59BA24ECD6A}.Debug|x64.Deploy.0 = Debug|x64
		{F52CC005-2CFB-4C70-80B2-A59BA24ECD6A}.Release|ARM.ActiveCfg = Release|ARM
		{F52CC005-2CFB-4C70-80B2-A59BA24ECD6A}.Release|ARM.Build.0 = Release|ARM
		{F52CC005-2CFB-4C70-80B2-A59BA24ECD6A}.Release|ARM.Deploy.0 = Release|ARM
		{F52CC005-2CFB-4C70-80B2-A59BA24ECD6A}.Release|Win32.ActiveCfg = Release|Win32
		{F52CC005-2CFB-4C70-80B2-A59BA24ECD6A}.Release|Win32.Build.0 = Release|Win32
		{F52CC005-2CFB-4C70-80B2-A59BA24ECD6A}.Release|Win32.Deploy.0 = Release|Win32
		{F52CC005-2CFB-4C70-80B2-A59BA24ECD6A}.Release|x64.ActiveCfg = Release|x64
		{F52CC005-2CFB-4C70-80B2-A59BA24ECD6A}.Release|x64.Build.0 = Release|x64
		{F52CC005-2CFB-4C70-80B2-A59BA24ECD6A}.Release|x64.Deploy.0 = Release|x64
		{5C387492-BEC7-4794-95B8-9A906884B81D}.Debug|ARM.ActiveCfg = Debug|ARM
		{5C387492-BEC7-4794-95B8-9A906884B81D}.Debug|ARM.Build.0 = Debug|ARM
		{5C387492-BEC7-4794-95B8-9A906884B81D}.Debug|ARM.Deploy.0 = Debug|ARM
		{5C387492-BEC7-4794-95B8-9A906884B81D}.Debug|Win32.ActiveCfg = Debug|Win32
		{5C387492-BEC7-4794-95B8-9A906884B81D}.Debug|Win32.Build.0 = Debug|Win32
		{5C387492-BEC7-4794-95B8-9A906884B81D}.Debug|Win32.Deploy.0 = Debug|Win32
		{5C387492-BEC7-4794-95B8-9A906884B81D}.Debug|x64.ActiveCfg = Debug|x64
		{5C387492-BEC7-4794-95B8-9A906884B81D}.Debug|x64.Build.0 = Debug|x64
		{5C387492-BEC7-4794-95B8-9A906884B81D}.Debug|x64.Deploy.0 = Debug|x64
		{5C387492-BEC7-4794-95B8-9A906884B81D}.Release|ARM.ActiveCfg = Release|ARM
		{5C387492-BEC7-4794-95B8-9A906884B81D}.Release|ARM.Build.0 = Release|ARM
		{5C387492-BEC7-4794-95B8-9A906884B81D}.Release|ARM.Deploy.0 = Release|ARM
		{5C387492-BEC7-4794-95B8-9A906884B81D}.Release|Win32.ActiveCfg = Release|Win32
		{5C387492-BEC7-4794-95B8-9A906884B81D}.Release|Win32.Build.0 = Release|Win32
		{5C387492-BEC7-4794-95B8-9A906884B81D}.Release|Win32.Deploy.0 = Release|Win32
		{5C387492-BEC7-4794-95B8-9A906884B81D}.Release|x64.ActiveCfg = Release|x64
		{5C387492-BEC7-4794-95B8-9A906884B81D}.Release|x64.Build.0 = Release|x64
		{5C387492-BEC7-4794-95B8-9A906884B81D}.Release|x64.Deploy.0 = Release|x64
		{ACC25CEC-7C1C-417A-8FEE-0E90A73D9D3C}.Debug|ARM.ActiveCfg = Debug|ARM
		{ACC25CEC-7C1C-417A-8FEE-0E90A73D9D3C}.Debug|ARM.Build.0 = Debug|ARM
		{ACC25CEC-7C1C-417A-8FEE-0E90A73D9D3C}.Debug|ARM.Deploy.0 = Debug|ARM
		{ACC25CEC-7C1C-417A-8FEE-0E90A73D9D3C}.Debug|Win32.ActiveCfg = Debug|Win32
		{ACC25CEC-7C1C-417A-8FEE-0E90A73D9D3C}.Debug|Win32.Build.0 = Debug|Win32
		{ACC25CEC-7C1C-417A-8FEE-0E90A73D9D3C}.Debug|Win32.Deploy.0 = Debug|Win32
		{ACC25CEC-7C1C-417A-8FEE-0E90A73D9D3C}.Debug|x64.ActiveCfg = Debug|x64
		{ACC25CEC-7C1C-417A-8FEE-0E90A73D9D3C}.Debug|x64.Build.0 = Debug|x64
		{ACC25CEC-7C1C-417A-8FEE-0E90A73D9D3C}.Debug|x64.Deploy.0 = Debug|x64
		{ACC25CEC-7C1C-417A-8FEE-0E90A73D9D3C}.Release|ARM.ActiveCfg = Release|ARM
		{ACC25CEC-7C1C-417A-8FEE-0E90A73D9D3C}.Release|ARM.Build.0 = Release|ARM
		{ACC25CEC-7C1C-417A-8FEE-0E90A73D9D3C}.Release|ARM.Deploy.0 = Release|ARM
		{ACC25CEC-7C1C-417A-8FEE-0E90A73D9D3C}.Release|Win32.ActiveCfg = Release|Win32
		{ACC25CEC-7C1C-417A-8FEE-0E90A73D9D3C}.Release|Win32.Build.0 = Release|Win32
		{ACC25CEC-7C1C-417A-8FEE-0E90A73D9D3C}.Release|Win32.Deploy.0 = Release|Win32
		{ACC25CEC-7C1C-417A-8FEE-0E90A73D9D3C}.Release|x64.ActiveCfg = Release|x64
		{ACC25CEC-7C1C-417A-8FEE-0E90A73D9D3C}.Release|x64.Build.0 = Release|x64
		{ACC25CEC-7C1C-417A-8FEE-0E90A73D9D3C}.Release|x64.Deploy.0 = Release|x64
		{63FED1D6-EF06-4FBB-9337-91A2A221B178}.Debug|ARM.ActiveCfg = Debug|ARM
		{63FED1D6-EF06-4FBB-9337-91A2A221B178}.Debug|ARM.Build.0 = Debug|ARM
		{63FED1D6-EF06-4FBB-9337-91A2A221B178}.Debug|ARM.Deploy.0 = Debug|ARM
		{63FED1D6-EF06-4FBB-9337-91A2A221B178}.Debug|Win32.ActiveCfg = Debug|Win32
		{63FED1D6-EF06-4FBB-9337-91A2A221B178}.Debug|Win32.Build.0 = Debug|Win32
		{63FED1D6-EF06-4FBB-9337-91A2A221B178}.Debug|Win32.Deploy.0 = Debug|Win32
		{63FED1D6-EF06-4FBB-9337-91A2A221B178}.Debug|x64.ActiveCfg = Debug|x64
		{63FED1D6-EF06-4FBB-9337-91A2A221B178}.Debug|x64.Build.0 = Debug|x64
		{63FED1D6-EF06-4FBB-9337-91A2A221B178}.Debug|x64.Deploy.0 = Debug|x64
		{63FED1D6-EF06-4FBB-9337-91A2A221B178}.Release|ARM.ActiveCfg = Release|ARM
		{63FED1D6-EF06-4FBB-9337-91A2A221B178}.Release|ARM.Build.0 = Release|ARM
		{63FED1D6-EF06-4FBB-9337-91A2A221B178}.Release|ARM.Deploy.0 = Release|ARM
		{63FED1D6-EF06-4FBB-9337-91A2A221B178}.Release|Win32.ActiveCfg = Release|Win32
		{63FED1D6-EF06-4FBB-9337-91A2A221B178}.Release|Win32.Build.0 = Release|Win32
		{63FED1D6-EF06-4FBB-9337-91A2A221B178}.Release|Win32.Deploy.0 = Release|Win32
		{63FED1D6-EF06-4FBB-9337-91A2A221B178}.Release|x64.ActiveCfg = Release|x64
		{63FED1D6-EF06-4FBB-9337-91A2A221B178}.Release|x64.Build.0 = Release|x64
		{63FED1D6-EF06-4FBB-9337-91A2A221B178}.Release|x64.Deploy.0 = Release|x64
		{16F8C976-BB83-4E88-980D-6A6F9CD28E26}.Debug|ARM.ActiveCfg = Debug|ARM
		{16F8C976-BB83-4E88-980D-6A6F9CD28E26}.Debug|ARM.Build.0 = Debug|ARM
		{16F8C976-BB83-4E88-980D-6A6F9CD28E26}.Debug|ARM.Deploy.0 = Debug|ARM
		{16F8C976-BB83-4E88-980D-6A6F9CD28E26}.Debug|Win32.ActiveCfg = Debug|Win32
		{16F8C976-BB83-4E88-980D-6A6F9CD28E26}.Debug|Win32.Build.0 = Debug|Win32
		{16F8C976-BB83-4E88-980D-6A6F9CD28E26}.Debug|Win32.Deploy.0 = Debug|Win32
		{16F8C976-BB83-4E88-980D-6A6F9CD28E26}.Debug|x64.ActiveCfg = Debug|x64
		{16F8C976-BB83-4E88-980D-6A6F9CD28E26}.Debug|x64.Build.0 = Debug|x64
		{16F8C976-BB83-4E88-980D-6A6F9CD28E26}.Debug|x64.Deploy.0 = Debug|x64
		{16F8C976-BB83-4E88-980D-6A6F9CD28E26}.Release|ARM.ActiveCfg = Release|ARM
		{16F8C976-BB83-4E88-980D-6A6F9CD28E26}.Release|ARM.Build.0 = Release|ARM
		{16F8C976-BB83-4E88-980D-6A6F9CD28E26}.Release|ARM.Deploy.0 = Release|ARM
		{16F8C976-BB83-4E88-980D-6A6F9CD28E26}.Release|Win32.ActiveCfg = Release|Win32
		{16F8C976-BB83-4E88-980D-6A6F9CD28E26}.Release|Win32.Build.0 = Release|Win32
		{16F8C976-BB83-4E88-980D-6A6F9CD28E26}.Release|Win32.Deploy.0 = Release|Win32
		{16F8C976-BB83-4E88-980D-6A6F9CD28E26}.Release|x64.ActiveCfg = Release|x64
		{16F8C976-BB83-4E88-980D-6A6F9CD28E26}.Release|x64.Build.0 = Release|x64
		{16F8C976-BB83-4E88-980D-6A6F9CD28E26}.Release|x64.Deploy.0 = Release|x64
		{9E8624B2-562E-4659-8F74-1EBD506C3F35}.Debug|ARM.ActiveCfg = Debug|ARM
		{9E8624B2-562E-4659-8F74-1EBD506C3F35}.Debug|ARM.Build.0 = Debug|ARM
		{9E8624B2-562E-4659-8F74-1EBD506C3F35}.Debug|ARM.Deploy.0 = Debug|ARM
		{9E8624B2-562E-4659-8F74-1EBD506C3F35}.Debug|Win32.ActiveCfg = Debug|Win32
		{9E8624B2-562E-4659-8F74-1EBD506C3F35}.Debug|Win32.Build.0 = Debug|Win32
		{9E8624B2-562E-4659-8F74-1EBD506C3F35}.Debug|Win32.Deploy.0 = Debug|Win32
		{9E8624B2-562E-4659-8F74-1EBD506C3F35}.Debug|x64.ActiveCfg = Debug|x64
		{9E8624B2-562E-4659-8F74-1EBD506C3F35}.Debug|x64.Build.0 = Debug|x64
		{9E8624B2-562E-4659-8F74-1EBD506C3F35}.Debug|x64.Deploy.0 = Debug|x64
		{9E8624B2-562E-4659-8F74-1EBD506C3F35}.Release|ARM.ActiveCfg = Release|ARM
		{9E8624B2-562E-4659-8F74-1EBD506C3F35}.Release|ARM.Build.0 = Release|ARM
		{9E8624B2-562E-4659-8F74-1EBD506C3F35}.Release|ARM.Deploy.0 = Release|ARM
		{9E8624B2-562E-4659-8F74-1EBD506C3F35}.Release|Win32.ActiveCfg = Release|Win32
		{9E8624B2-562E-4659-8F74-1EBD506C3F35}.Release|Win32.Build.0 = Release|Win32
		{9E8624B2-562E-4659-8F74-1EBD506C3F35}.Release|Win32.Deploy.0 = Release|Win32
		{9E8624B2-562E-4659-8F74-1EBD506C3F35}.Release|x64.ActiveCfg = Release|x64
		{9E8624B2-562E-4659-8F74-1EBD506C3F35}.Release|x64.Build.0 = Release|x64
		{9E8624B2-562E-4659-8F74-1EBD506C3F35}.Release|x64.Deploy.0 = Release|x64
		{1DB38DA7-53C7-4C0F-8DD9-CD5864107990}.Debug|ARM.ActiveCfg = Debug|ARM
		{1DB38DA7-53C7-4C0F-8DD9-CD5864107990}.Debug|ARM.Build.0 = Debug|ARM
		{1DB38DA7-53C7-4C0F-8DD9-CD5864107990}.Debug|ARM.Deploy.0 = Debug|ARM
		{1DB38DA7-53C7-4C0F-8DD9-CD5864107990}.Debug|Win32.ActiveCfg = Debug|Win32
		{1DB38DA7-53C7-4C0F-8DD9-CD5864107990}.Debug|Win32.Build.0 = Debug|Win32
		{1DB38DA7-53C7-4C0F-8DD9-CD5864107990}.Debug|Win32.Deploy.0 = Debug|Win32
		{1DB38DA7-53C7-4C0F-8DD9-CD5864107990}.Debug|x64.ActiveCfg = Debug|x64
		{1DB38DA7-53C7-4C0F-8DD9-CD5864107990}.Debug|x64.Build.0 = Debug|x64
		{1DB38DA7-53C7-4C0F-8DD9-CD5864107990}.Debug|x64.Deploy.0 = Debug|x64
		{1DB38DA7-53C7-4C0F-8DD9-CD5864107990}.Release|ARM.ActiveCfg = Release|ARM
		{1DB38DA7-53C7-4C0F-8DD9-CD5864107990}.Release|ARM.Build.0 = Release|ARM
		{1DB38DA7-53C7-4C0F-8DD9-CD5864107990}.Release|ARM.Deploy.0 = Release|ARM
		{1DB38DA7-53C7-4C0F-8DD9-CD5864107990}.Release|Win32.ActiveCfg = Release|Win32
		{1DB38DA7-53C7-4C0F-8DD9-CD5864107990}.Release|Win32.Build.0 = Release|Win32
		{1DB38DA7-53C7-4C0F-8DD9-CD5864107990}.Release|Win32.Deploy.0 = Release|Win32
		{1DB38DA7-53C7-4C0F-8DD9-CD5864107990}.Release|x64.ActiveCfg = Release|x64
		{1DB38DA7-53C7-4C0F-8DD9-CD5864107990}.Release|x64.Build.0 = Release|x64
		{1DB38DA7-53C7-4C0F-8DD9-CD5864107990}.Release|x64.Deploy.0 = Release|x64
		{5C9E166F-A705-4EEF-8315-6FA2128B884B}.Debug|ARM.ActiveCfg = Debug|ARM
		{5C9E166F-A705-4EEF-8315-6FA2128B884B}.Debug|ARM.Build.0 = Debug|ARM
		{5C9E166F-A705-4EEF-8315-6FA2128B884B}.Debug|ARM.Deploy.0 = Debug|ARM
		{5C9E166F-A705-4EEF-8315-6FA2128B884B}.Debug|Win32.ActiveCfg = Debug|Win32
		{5C9E166F-A705-4EEF-8315-6FA2128B884B}.Debug|Win32.Build.0 = Debug|Win32
		{5C9E166F-A705-4EEF-8315-6FA2128B884B}.Debug|Win32.Deploy.0 = Debug|Win32
		{5C9E166F-A705-4EEF-8315-6FA2128B884B}.Debug|x64.ActiveCfg = Debug|x64
		{5C9E166F-A705-4EEF-8315-6FA2128B884B}.Debug|x64.Build.0 = Debug|x64
		{5C9E166F-A705-4EEF-8315-6FA2128B884B}.Debug|x64.Deploy.0 = Debug|x64
		{5C9E166F-A705-4EEF-8315-6FA2128B884B}.Release|ARM.ActiveCfg = Release|ARM
		{5C9E166F-A705-4EEF-8315-6FA2128B884B}.Release|ARM.Build.0 = Release|ARM
		{5C9E166F-A705-4EEF-8315-6FA2128B884B}.Release|ARM.Deploy.0 = Release|ARM
		{5C9E166F-A705-4EEF-8315-6FA2128B884B}.Release|Win32.ActiveCfg = Release|Win32
		{5C9E166F-A705-4EEF-8315-6FA2128B884B}.Release|Win32.Build.0 = Release|Win32
		{5C9E166F-A705-4EEF-8315-6FA2128B884B}.Release|Win32.Deploy.0 = Release|Win32
		{5C9E166F-A705-4EEF-8315-6FA2128B884B}.Release|x64.ActiveCfg = Release|x64
		{5C9E166F-A705-4EEF-8315-6FA2128B884B}.Release|x64.Build.0 = Release|x64
		{5C9E166F-A705-4EEF-8315-6FA2128B884B}.Release|x64.Deploy.0 = Release|x64
		{87212EEF-CD30-46A3-B185-311312AF12AD}.Debug|ARM.ActiveCfg = Debug|ARM
		{87212EEF-CD30-46A3-B185-311312AF12AD}.Debug|ARM.Build.0 = Debug|ARM
		{87212EEF-CD30-46A3-B185-311312AF12AD}.Debug|ARM.Deploy.0 = Debug|ARM
		{87212EEF-CD30-46A3-B185-311312AF12AD}.Debug|Win32.ActiveCfg = Debug|Win32
		{87212EEF-CD30-46A3-B185-311312AF12AD}.Debug|Win32.Build.0 = Debug|Win32
		{87212EEF-CD30-46A3-B185-311312AF12AD}.Debug|Win32.Deploy.0 = Debug|Win32
		{87212EEF-CD30-46A3-B185-311312AF12AD}.Debug|x64.ActiveCfg = Debug|x64
		{87212EEF-CD30-46A3-B185-311312AF12AD}.Debug|x64.Build.0 = Debug|x64
		{87212EEF-CD30-46A3-B185-311312AF12AD}.Debug|x64.Deploy.0 = Debug|x64
		{87212EEF-CD30-46A3-B185-311312AF12AD}.Release|ARM.ActiveCfg = Release|ARM
		{87212EEF-CD30-46A3-B185-311312AF12AD}.Release|ARM.Build.0 = Release|ARM
		{87212EEF-CD30-46A3-B185-311312AF12AD}.Release|ARM.Deploy.0 = Release|ARM
		{87212EEF-CD30-46A3-B185-311312AF12AD}.Release|Win32.ActiveCfg = Release|Win32
		{87212EEF-CD30-46A3-B185-311312AF12AD}.Release|Win32.Build.0 = Release|Win32
		{87212EEF-CD30-46A3-B185-311312AF12AD}.Release|Win32.Deploy.0 = Release|Win32
		{87212EEF-CD30-46A3-B185-311312AF12AD}.Release|x64.ActiveCfg = Release|x64
		{87212EEF-CD30-46A3-B185-311312AF12AD}.Release|x64.Build.0 = Release|x64
		{87212EEF-CD30-46A3-B185-311312AF12AD}.Release|x64.Deploy.0 = Release|x64
		{EAD08DEA-FC49-4588-95A3-8FEBE02EE5E3}.Debug|ARM.ActiveCfg = Debug|ARM
		{EAD08DEA-FC49-4588-95A3-8FEBE02EE5E3}.Debug|ARM.Build.0 = Debug|ARM
		{EAD08DEA-FC49-4588-95A3-8FEBE02EE5E3}.Debug|ARM.Deploy.0 = Debug|ARM
		{EAD08DEA-FC49-4588-95A3-8FEBE02EE5E3}.Debug|Win32.ActiveCfg = Debug|Win32
		{EAD08DEA-FC49-4588-95A3-8FEBE02EE5E3}.Debug|Win32.Build.0 = Debug|Win32
		{EAD08DEA-FC49-4588-95A3-8FEBE02EE5E3}.Debug|Win32.Deploy.0 = Debug|Win32
		{EAD08DEA-FC49-4588-95A3-8FEBE02EE5E3}.Debug|x64.ActiveCfg = Debug|x64
		{EAD08DEA-FC49-4588-95A3-8FEBE02EE5E3}.Debug|x64.Build.0 = Debug|x64
		{EAD08DEA-FC49-4588-95A3-8FEBE02EE5E3}.Debug|x64.Deploy.0 = Debug|x64
		{EAD08DEA-FC49-4588-95A3-8FEBE02EE5E3}.Release|ARM.ActiveCfg = Release|ARM
		{EAD08DEA-FC49-4588-95A3-8FEBE02EE5E3}.Release|ARM.Build.0 = Release|ARM
		{EAD08DEA-FC49-4588-95A3-8FEBE02EE5E3}.Release|ARM.Deploy.0 = Release|ARM
		{EAD08DEA-FC49-4588-95A3-8FEBE02EE5E3}.Release|Win32.ActiveCfg = Release|Win32
		{EAD08DEA-FC49-4588-95A3-8FEBE02EE5E3}.Release|Win32.Build.0 = Release|Win32
		{EAD08DEA-FC49-4588-95A3-8FEBE02EE5E3}.Release|Win32.Deploy.0 = Release|Win32
		{EAD08DEA-FC49-4588-95A3-8FEBE02EE5E3}.Release|x64.ActiveCfg = Release|x64
		{EAD08DEA-FC49-4588-95A3-8FEBE02EE5E3}.Release|x64.Build.0 = Release|x64
		{EAD08DEA-FC49-4588-95A3-8FEBE02EE5E3}.Release|x64.Deploy.0 = Release|x64
		{62B582F2-4CF1-4777-A63C-2B7993F1A9C3}.Debug|ARM.ActiveCfg = Debug|ARM
		{62B582F2-4CF1-4777-A63C-2B7993F1A9C3}.Debug|ARM.Build.0 = Debug|ARM
		{62B582F2-4CF1-4777-A63C-2B7993F1A9C3}.Debug|ARM.Deploy.0 = Debug|ARM
		{62B582F2-4CF1-4777-A63C-2B7993F1A9C3}.Debug|Win32.ActiveCfg = Debug|Win32
		{62B582F2-4CF1-4777-A63C-2B7993F1A9C3}.Debug|Win32.Build.0 = Debug|Win32
		{62B582F2-4CF1-4777-A63C-2B7993F1A9C3}.Debug|Win32.Deploy.0 = Debug|Win32
		{62B582F2-4CF1-4777-A63C-2B7993F1A9C3}.Debug|x64.ActiveCfg = Debug|x64
		{62B582F2-4CF1-4777-A63C-2B7993F1A9C3}.Debug|x64.Build.0 = Debug|x64
		{62B582F2-4CF1-4777-A63C-2B7993F1A9C3}.Debug|x64.Deploy.0 = Debug|x64
		{62B582F2-4CF1-4777-A63C-2B7993F1A9C3}.Release|ARM.ActiveCfg = Release|ARM
		{62B582F2-4CF1-4777-A63C-2B7993F1A9C3}.Release|ARM.Build.0 = Release|ARM
		{62B582F2-4CF1-4777-A63C-2B7993F1A9C3}.Release|ARM.Deploy.0 = Release|ARM
		{62B582F2-4CF1-4777-A63C-2B7993F1A9C3}.Release|Win32.ActiveCfg = Release|Win32
		{62B582F2-4CF1-4777-A63C-2B7993F1A9C3}.Release|Win32.Build.0 = Release|Win32
		{62B582F2-4CF1-4777-A63C-2B7993F1A9C3}.Release|Win32.Deploy.0 = Release|Win32
		{62B582F2-4CF1-4777-A63C-2B7993F1A9C3}.Release|x64.ActiveCfg = Release|x64
		{62B582F2-4CF1-4777-A63C-2B7993F1A9C3}.Release|x64.Build.0 = Release|x64
		{62B582F2-4CF1-4777-A63C-2B7993F1A9C3}.Release|x64.Deploy.0 = Release|x64
		{885E3014-77CA-472D-AB7E-1FA3D40EBF64}.Debug|ARM.ActiveCfg = Debug|ARM
		{885E3014-77CA-472D-AB7E-1FA3D40EBF64}.Debug|ARM.Build.0 = Debug|ARM
		{885E3014-77CA-472D-AB7E-1FA3D40EBF64}.Debug|ARM.Deploy.0 = Debug|ARM
		{885E3014-77CA-472D-AB7E-1FA3D40EBF64}.Debug|Win32.ActiveCfg = Debug|Win32
		{885E3014-77CA-472D-AB7E-1FA3D40EBF64}.Debug|Win32.Build.0 = Debug|Win32
		{885E3014-77CA-472D-AB7E-1FA3D40EBF64}.Debug|Win32.Deploy.0 = Debug|Win32
		{885E3014-77CA-472D-AB7E-1FA3D40EBF64}.Debug|x64.ActiveCfg = Debug|x64
		{885E3014-77CA-472D-AB7E-1FA3D40EBF64}.Debug|x64.Build.0 = Debug|x64
		{885E3014-77CA-472D-AB7E-1FA3D40EBF64}.Debug|x64.Deploy.0 = Debug|x64
		{885E3014-77CA-472D-AB7E-1FA3D40EBF64}.Release|ARM.ActiveCfg = Release|ARM
		{885E3014-77CA-472D-AB7E-1FA3D40EBF64}.Release|ARM.Build.0 = Release|ARM
		{885E3014-77CA-472D-AB7E-1FA3D40EBF64}.Release|ARM.Deploy.0 = Release|ARM
		{885E3014-77CA-472D-AB7E-1FA3D40EBF64}.Release|Win32.ActiveCfg = Release|Win32
		{885E3014-77CA-472D-AB7E-1FA3D40EBF64}.Release|Win32.Build.0 = Release|Win32
		{885E3014-77CA-472D-AB7E-1FA3D40EBF64}.Release|Win32.Deploy.0 = Release|Win32
		{885E3014-77CA-472D-AB7E-1FA3D40EBF64}.Release|x64.ActiveCfg = Release|x64
		{885E3014-77CA-472D-AB7E-1FA3D40EBF64}.Release|x64.Build.0 = Release|x64
		{885E3014-77CA-472D-AB7E-1FA3D40EBF64}.Release|x64.Deploy.0 = Release|x64
		{C554ED12-2204-40C3-AC34-DA0933A38132}.Debug|ARM.ActiveCfg = Debug|ARM
		{C554ED12-2204-40C3-AC34-DA0933A38132}.Debug|ARM.Build.0 = Debug|ARM
		{C554ED12-2204-40C3-AC34-DA0933A38132}.Debug|ARM.Deploy.0 = Debug|ARM
		{C554ED12-2204-40C3-AC34-DA0933A38132}.Debug|Win32.ActiveCfg = Debug|Win32
		{C554ED12-2204-40C3-AC34-DA0933A38132}.Debug|Win32.Build.0 = Debug|Win32
		{C554ED12-2204-40C3-AC34-DA0933A38132}.Debug|Win32.Deploy.0 = Debug|Win32
		{C554ED12-2204-40C3-AC34-DA0933A38132}.Debug|x64.ActiveCfg = Debug|x64
		{C554ED12-2204-40C3-AC34-DA0933A38132}.Debug|x64.Build.0 = Debug|x64
		{C554ED12-2204-40C3-AC34-DA0933A38132}.Debug|x64.Deploy.0 = Debug|x64
		{C554ED12-2204-40C3-AC34-DA0933A38132}.Release|ARM.ActiveCfg = Release|ARM
		{C554ED12-2204-40C3-AC34-DA0933A38132}.Release|ARM.Build.0 = Release|ARM
		{C554ED12-2204-40C3-AC34-DA0933A38132}.Release|ARM.Deploy.0 = Release|ARM
		{C554ED12-2204-40C3-AC34-DA0933A38132}.Release|Win32.ActiveCfg = Release|Win32
		{C554ED12-2204-40C3-AC34-DA0933A38132}.Release|Win32.Build.0 = Release|Win32
		{C554ED12-2204-40C3-AC34-DA0933A38132}.Release|Win32.Deploy.0 = Release|Win32
		{C554ED12-2204-40C3-AC34-DA0933A38132}.Release|x64.ActiveCfg = Release|x64
		{C554ED12-2204-40C3-AC34-DA0933A38132}.Release|x64.Build.0 = Release|x64
		{C554ED12-2204-40C3-AC34-DA0933A38132}.Release|x64.Deploy.0 = Release|x64
		{5EDFC8CB-B2B4-4222-A6CD-F7475A9D5C88}.Debug|ARM.ActiveCfg = Debug|ARM
		{5EDFC8CB-B2B4-4222-A6CD-F7475A9D5C88}.Debug|ARM.Build.0 = Debug|ARM
		{5EDFC8CB-B2B4-4222-A6CD-F7475A9D5C88}.Debug|ARM.Deploy.0 = Debug|ARM
		{5EDFC8CB-B2B4-4222-A6CD-F7475A9D5C88}.Debug|Win32.ActiveCfg = Debug|Win32
		{5EDFC8CB-B2B4-4222-A6CD-F7475A9D5C88}.Debug|Win32.Build.0 = Debug|Win32
		{5EDFC8CB-B2B4-4222-A6CD-F7475A9D5C88}.Debug|Win32.Deploy.0 = Debug|Win32
		{5EDFC8CB-B2B4-4222-A6CD-F7475A9D5C88}.Debug|x64.ActiveCfg = Debug|x64
		{5EDFC8CB-B2B4-4222-A6CD-F7475A9D5C88}.Debug|x64.Build.0 = Debug|x64
		{5EDFC8CB-B2B4-4222-A6CD-F7475A9D5C88}.Debug|x64.Deploy.0 = Debug|x64
		{5EDFC8CB-B2B4-4222-A6CD-F7475A9D5C88}.Release|ARM.ActiveCfg = Release|ARM
		{5EDFC8CB-B2B4-4222-A6CD-F7475A9D5C88}.Release|ARM.Build.0 = Release|ARM
		{5EDFC8CB-B2B4-4222-A6CD-F7475A9D5C88}.Release|ARM.Deploy.0 = Release|ARM
		{5EDFC8CB-B2B4-4222-A6CD-F7475A9D5C88}.Release|Win32.ActiveCfg = Release|Win32
		{5EDFC8CB-B2B4-4222-A6CD-F7475A9D5C88}.Release|Win32.Build.0 = Release|Win32
		{5EDFC8CB-B2B4-4222-A6CD-F7475A9D5C88}.Release|Win32.Deploy.0 = Release|Win32
		{5EDFC8CB-B2B4-4222-A6CD-F7475A9D5C88}.Release|x64.ActiveCfg = Release|x64
		{5EDFC8CB-B2B4-4222-A6CD-F7475A9D5C88}.Release|x64.Build.0 = Release|x64
		{5EDFC8CB-B2B4-4222-A6CD-F7475A9D5C88}.Release|x64.Deploy.0 = Release|x64
		{63369927-21B4-4929-9120-2C3BD3499076}.Debug|ARM.ActiveCfg = Debug|ARM
		{63369927-21B4-4929-9120-2C3BD3499076}.Debug|ARM.Build.0 = Debug|ARM
		{63369927-21B4-4929-9120-2C3BD3499076}.Debug|ARM.Deploy.0 = Debug|ARM
		{63369927-21B4-4929-9120-2C3BD3499076}.Debug|Win32.ActiveCfg = Debug|Win32
		{63369927-21B4-4929-9120-2C3BD3499076}.Debug|Win32.Build.0 = Debug|Win32
		{63369927-21B4-4929-9120-2C3BD3499076}.Debug|Win32.Deploy.0 = Debug|Win32
		{63369927-21B4-4929-9120-2C3BD3499076}.Debug|x64.ActiveCfg = Debug|x64
		{63369927-21B4-4929-9120-2C3BD3499076}.Debug|x64.Build.0 = Debug|x64
		{63369927-21B4-4929-9120-2C3BD3499076}.Debug|x64.Deploy.0 = Debug|x64
		{63369927-21B4-4929-9120-2C3BD3499076}.Release|ARM.ActiveCfg = Release|ARM
		{63369927-21B4-4929-9120-2C3BD3499076}.Release|ARM.Build.0 = Release|ARM
		{63369927-21B4-4929-9120-2C3BD3499076}.Release|ARM.Deploy.0 = Release|ARM
		{63369927-21B4-4929-9120-2C3BD3499076}.Release|Win32.ActiveCfg = Release|Win32
		{63369927-21B4-4929-9120-2C3BD3499076}.Release|Win32.Build.0 = Release|Win32
		{63369927-21B4-4929-9120-2C3BD3499076}.Release|Win32.Deploy.0 = Release|Win32
		{63369927-21B4-4929-9120-2C3BD3499076}.Release|x64.ActiveCfg = Release|x64
		{63369927-21B4-4929-9120-2C3BD3499076}.Release|x64.Build.0 = Release|x64
		{63369927-21B4-4929-9120-2C3BD3499076}.Release|x64.Deploy.0 = Release|x64
		{4C93A2DB-F09F-47BA-8C1D-67736999D6D1}.Debug|ARM.ActiveCfg = Debug|ARM
		{4C93A2DB-F09F-47BA-8C1D-67736999D6D1}.Debug|ARM.Build.0 = Debug|ARM
		{4C93A2DB-F09F-47BA-8C1D-67736999D6D1}.Debug|ARM.Deploy.0 = Debug|ARM
		{4C93A2DB-F09F-47BA-8C1D-67736999D6D1}.Debug|Win32.ActiveCfg = Debug|Win32
		{4C93A2DB-F09F-47BA-8C1D-67736999D6D1}.Debug|Win32.Build.0 = Debug|Win32
		{4C93A2DB-F09F-47BA-8C1D-67736999D6D1}.Debug|Win32.Deploy.0 = Debug|Win32
		{4C93A2DB-F09F-47BA-8C1D-67736999D6D1}.Debug|x64.ActiveCfg = Debug|x64
		{4C93A2DB-F09F-47BA-8C1D-67736999D6D1}.Debug|x64.Build.0 = Debug|x64
		{4C93A2DB-F09F-47BA-8C1D-67736999D6D1}.Debug|x64.Deploy.0 = Debug|x64
		{4C93A2DB-F09F-47BA-8C1D-67736999D6D1}.Release|ARM.ActiveCfg = Release|ARM
		{4C93A2DB-F09F-47BA-8C1D-67736999D6D1}.Release|ARM.Build.0 = Release|ARM
		{4C93A2DB-F09F-47BA-8C1D-67736999D6D1}.Release|ARM.Deploy.0 = Release|ARM
		{4C93A2DB-F09F-47BA-8C1D-67736999D6D1}.Release|Win32.ActiveCfg = Release|Win32
		{4C93A2DB-F09F-47BA-8C1D-67736999D6D1}.Release|Win32.Build.0 = Release|Win32
		{4C93A2DB-F09F-47BA-8C1D-67736999D6D1}.Release|Win32.Deploy.0 = Release|Win32
		{4C93A2DB-F09F-47BA-8C1D-67736999D6D1}.Release|x64.ActiveCfg = Release|x64
		{4C93A2DB-F09F-47BA-8C1D-67736999D6D1}.Release|x64.Build.0 = Release|x64
		{4C93A2DB-F09F-47BA-8C1D-67736999D6D1}.Release|x64.Deploy.0 = Release|x64
		{60B49D54-E29B-4C00-BDA5-6A84FE4D4F4D}.Debug|ARM.ActiveCfg = Debug|ARM
		{60B49D54-E29B-4C00-BDA5-6A84FE4D4F4D}.Debug|ARM.Build.0 = Debug|ARM
		{60B49D54-E29B-4C00-BDA5-6A84FE4D4F4D}.Debug|ARM.Deploy.0 = Debug|ARM
		{60B49D54-E29B-4C00-BDA5-6A84FE4D4F4D}.Debug|Win32.ActiveCfg = Debug|Win32
		{60B49D54-E29B-4C00-BDA5-6A84FE4D4F4D}.Debug|Win32.Build.0 = Debug|Win32
		{60B49D54-E29B-4C00-BDA5-6A84FE4D4F4D}.Debug|Win32.Deploy.0 = Debug|Win32
		{60B49D54-E29B-4C00-BDA5-6A84FE4D4F4D}.Debug|x64.ActiveCfg = Debug|x64
		{60B49D54-E29B-4C00-BDA5-6A84FE4D4F4D}.Debug|x64.Build.0 = Debug|x64
		{60B49D54-E29B-4C00-BDA5-6A84FE4D4F4D}.Debug|x64.Deploy.0 = Debug|x64
		{60B49D54-E29B-4C00-BDA5-6A84FE4D4F4D}.Release|ARM.ActiveCfg = Release|ARM
		{60B49D54-E29B-4C00-BDA5-6A84FE4D4F4D}.Release|ARM.Build.0 = Release|ARM
		{60B49D54-E29B-4C00-BDA5-6A84FE4D4F4D}.Release|ARM.Deploy.0 = Release|ARM
		{60B49D54-E29B-4C00-BDA5-6A84FE4D4F4D}.Release|Win32.ActiveCfg = Release|Win32
		{60B49D54-E29B-4C00-BDA5-6A84FE4D4F4D}.Release|Win32.Build.0 = Release|Win32
		{60B49D54-E29B-4C00-BDA5-6A84FE4D4F4D}.Release|Win32.Deploy.0 = Release|Win32
		{60B49D54-E29B-4C00-BDA5-6A84FE4D4F4D}.Release|x64.ActiveCfg = Release|x64
		{60B49D54-E29B-4C00-BDA5-6A84FE4D4F4D}.Release|x64.Build.0 = Release|x64
		{60B49D54-E29B-4C00-BDA5-6A84FE4D4F4D}.Release|x64.Deploy.0 = Release|x64
		{7B2A3456-F9F4-4476-9473-A8E06B78376B}.Debug|ARM.ActiveCfg = Debug|ARM
		{7B2A3456-F9F4-4476-9473-A8E06B78376B}.Debug|ARM.Build.0 = Debug|ARM
		{7B2A3456-F9F4-4476-9473-A8E06B78376B}.Debug|ARM.Deploy.0 = Debug|ARM
		{7B2A3456-F9F4-4476-9473-A8E06B78376B}.Debug|Win32.ActiveCfg = Debug|Win32
		{7B2A3456-F9F4-4476-9473-A8E06B78376B}.Debug|Win32.Build.0 = Debug|Win32
		{7B2A3456-F9F4-4476-9473-A8E06B78376B}.Debug|Win32.Deploy.0 = Debug|Win32
		{7B2A3456-F9F4-4476-9473-A8E06B78376B}.Debug|x64.ActiveCfg = Debug|x64
		{7B2A3456-F9F4-4476-9473-A8E06B78376B}.Debug|x64.Build.0 = Debug|x64
		{7B2A3456-F9F4-4476-9473-A8E06B78376B}.Debug|x64.Deploy.0 = Debug|x64
		{7B2A3456-F9F4-4476-9473-A8E06B78376B}.Release|ARM.ActiveCfg = Release|ARM
		{7B2A3456-F9F4-4476-9473-A8E06B78376B}.Release|ARM.Build.0 = Release|ARM
		{7B2A3456-F9F4-4476-9473-A8E06B78376B}.Release|ARM.Deploy.0 = Release|ARM
		{7B2A3456-F9F4-4476-9473-A8E06B78376B}.Release|Win32.ActiveCfg = Release|Win32
		{7B2A3456-F9F4-4476-9473-A8E06B78376B}.Release|Win32.Build.0 = Release|Win32
		{7B2A3456-F9F4-4476-9473-A8E06B78376B}.Release|Win32.Deploy.0 = Release|Win32
		{7B2A3456-F9F4-4476-9473-A8E06B78376B}.Release|x64.ActiveCfg = Release|x64
		{7B2A3456-F9F4-4476-9473-A8E06B78376B}.Release|x64.Build.0 = Release|x64
		{7B2A3456-F9F4-4476-9473-A8E06B78376B}.Release|x64.Deploy.0 = Release|x64
		{2DDD2D96-20D0-484F-934E-38A1B692B9F3}.Debug|ARM.ActiveCfg = Debug|ARM
		{2DDD2D96-20D0-484F-934E-38A1B692B9F3}.Debug|ARM.Build.0 = Debug|ARM
		{2DDD2D96-20D0-484F-934E-38A1B692B9F3}.Debug|ARM.Deploy.0 = Debug|ARM
		{2DDD2D96-20D0-484F-934E-38A1B692B9F3}.Debug|Win32.ActiveCfg = Debug|Win32
		{2DDD2D96-20D0-484F-934E-38A1B692B9F3}.Debug|Win32.Build.0 = Debug|Win32
		{2DDD2D96-20D0-484F-934E-38A1B692B9F3}.Debug|Win32.Deploy.0 = Debug|Win32
		{2DDD2D96-20D0-484F-934E-38A1B692B9F3}.Debug|x64.ActiveCfg = Debug|x64
		{2DDD2D96-20D0-484F-934E-38A1B692B9F3}.Debug|x64.Build.0 = Debug|x64
		{2DDD2D96-20D0-484F-934E-38A1B692B9F3}.Debug|x64.Deploy.0 = Debug|x64
		{2DDD2D96-20D0-484F-934E-38A1B692B9F3}.Release|ARM.ActiveCfg = Release|ARM
		{2DDD2D96-20D0-484F-934E-38A1B692B9F3}.Release|ARM.Build.0 = Release|ARM
		{2DDD2D96-20D0-484F-934E-38A1B692B9F3}.Release|ARM.Deploy.0 = Release|ARM
		{2DDD2D96-20D0-484F-934E-38A1B692B9F3}.Release|Win32.ActiveCfg = Release|Win32
		{2DDD2D96-20D0-484F-934E-38A1B692B9F3}.Release|Win32.Build.0 = Release|Win32
		{2DDD2D96-20D0-484F-934E-38A1B692B9F3}.Release|Win32.Deploy.0 = Release|Win32
		{2DDD2D96-20D0-484F-934E-38A1B692B9F3}.Release|x64.ActiveCfg = Release|x64
		{2DDD2D96-20D0-484F-934E-38A1B692B9F3}.Release|x64.Build.0 = Release|x64
		{2DDD2D96-20D0-484F-934E-38A1B692B9F3}.Release|x64.Deploy.0 = Release|x64
		{4327C066-DFA0-4984-B112-D02EE602529D}.Debug|ARM.ActiveCfg = Debug|ARM
		{4327C066-DFA0-4984-B112-D02EE602529D}.Debug|ARM.Build.0 = Debug|ARM
		{4327C066-DFA0-4984-B112-D02EE602529D}.Debug|ARM.Deploy.0 = Debug|ARM
		{4327C066-DFA0-4984-B112-D02EE602529D}.Debug|Win32.ActiveCfg = Debug|Win32
		{4327C066-DFA0-4984-B112-D02EE602529D}.Debug|Win32.Build.0 = Debug|Win32
		{4327C066-DFA0-4984-B112-D02EE602529D}.Debug|Win32.Deploy.0 = Debug|Win32
		{4327C066-DFA0-4984-B112-D02EE602529D}.Debug|x64.ActiveCfg = Debug|x64
		{4327C066-DFA0-4984-B112-D02EE602529D}.Debug|x64.Build.0 = Debug|x64
		{4327C066-DFA0-4984-B112-D02EE602529D}.Debug|x64.Deploy.0 = Debug|x64
		{4327C066-DFA0-4984-B112-D02EE602529D}.Release|ARM.ActiveCfg = Release|ARM
		{4327C066-DFA0-4984-B112-D02EE602529D}.Release|ARM.Build.0 = Release|ARM
		{4327C066-DFA0-4984-B112-D02EE602529D}.Release|ARM.Deploy.0 = Release|ARM
		{4327C066-DFA0-4984-B112-D02EE602529D}.Release|Win32.ActiveCfg = Release|Win32
		{4327C066-DFA0-4984-B112-D02EE602529D}.Release|Win32.Build.0 = Release|Win32
		{4327C066-DFA0-4984-B112-D02EE602529D}.Release|Win32.Deploy.0 = Release|Win32
		{4327C066-DFA0-4984-B112-D02EE602529D}.Release|x64.ActiveCfg = Release|x64
		{4327C066-DFA0-4984-B112-D02EE602529D}.Release|x64.Build.0 = Release|x64
		{4327C066-DFA0-4984-B112-D02EE602529D}.Release|x64.Deploy.0 = Release|x64
		{2F371FF4-4CB5-4D3D-87A3-817CF00655EE}.Debug|ARM.ActiveCfg = Debug|ARM
		{2F371FF4-4CB5-4D3D-87A3-817CF00655EE}.Debug|ARM.Build.0 = Debug|ARM
		{2F371FF4-4CB5-4D3D-87A3-817CF00655EE}.Debug|ARM.Deploy.0 = Debug|ARM
		{2F371FF4-4CB5-4D3D-87A3-817CF00655EE}.Debug|Win32.ActiveCfg = Debug|Win32
		{2F371FF4-4CB5-4D3D-87A3-817CF00655EE}.Debug|Win32.Build.0 = Debug|Win32
		{2F371FF4-4CB5-4D3D-87A3-817CF00655EE}.Debug|Win32.Deploy.0 = Debug|Win32
		{2F371FF4-4CB5-4D3D-87A3-817CF00655EE}.Debug|x64.ActiveCfg = Debug|x64
		{2F371FF4-4CB5-4D3D-87A3-817CF00655EE}.Debug|x64.Build.0 = Debug|x64
		{2F371FF4-4CB5-4D3D-87A3-817CF00655EE}.Debug|x64.Deploy.0 = Debug|x64
		{2F371FF4-4CB5-4D3D-87A3-817CF00655EE}.Release|ARM.ActiveCfg = Release|ARM
		{2F371FF4-4CB5-4D3D-87A3-817CF00655EE}.Release|ARM.Build.0 = Release|ARM
		{2F371FF4-4CB5-4D3D-87A3-817CF00655EE}.Release|ARM.Deploy.0 = Release|ARM
		{2F371FF4-4CB5-4D3D-87A3-817CF00655EE}.Release|Win32.ActiveCfg = Release|Win32
		{2F371FF4-4CB5-4D3D-87A3-817CF00655EE}.Release|Win32.Build.0 = Release|Win32
		{2F371FF4-4CB5-4D3D-87A3-817CF00655EE}.Release|Win32.Deploy.0 = Release|Win32
		{2F371FF4-4CB5-4D3D-87A3-817CF00655EE}.Release|x64.ActiveCfg = Release|x64
		{2F371FF4-4CB5-4D3D-87A3-817CF00655EE}.Release|x64.Build.0 = Release|x64
		{2F371FF4-4CB5-4D3D-87A3-817CF00655EE}.Release|x64.Deploy.0 = Release|x64
		{B1271452-B5C7-4308-A51F-8F01EB9FFE6E}.Debug|ARM.ActiveCfg = Debug|ARM
		{B1271452-B5C7-4308-A51F-8F01EB9FFE6E}.Debug|ARM.Build.0 = Debug|ARM
		{B1271452-B5C7-4308-A51F-8F01EB9FFE6E}.Debug|ARM.Deploy.0 = Debug|ARM
		{B1271452-B5C7-4308-A51F-8F01EB9FFE6E}.Debug|Win32.ActiveCfg = Debug|Win32
		{B1271452-B5C7-4308-A51F-8F01EB9FFE6E}.Debug|Win32.Build.0 = Debug|Win32
		{B1271452-B5C7-4308-A51F-8F01EB9FFE6E}.Debug|Win32.Deploy.0 = Debug|Win32
		{B1271452-B5C7-4308-A51F-8F01EB9FFE6E}.Debug|x64.ActiveCfg = Debug|x64
		{B1271452-B5C7-4308-A51F-8F01EB9FFE6E}.Debug|x64.Build.0 = Debug|x64
		{B1271452-B5C7-4308-A51F-8F01EB9FFE6E}.Debug|x64.Deploy.0 = Debug|x64
		{B1271452-B5C7-4308-A51F-8F01EB9FFE6E}.Release|ARM.ActiveCfg = Release|ARM
		{B1271452-B5C7-4308-A51F-8F01EB9FFE6E}.Release|ARM.Build.0 = Release|ARM
		{B1271452-B5C7-4308-A51F-8F01EB9FFE6E}.Release|ARM.Deploy.0 = Release|ARM
		{B1271452-B5C7-4308-A51F-8F01EB9FFE6E}.Release|Win32.ActiveCfg = Release|Win32
		{B1271452-B5C7-4308-A51F-8F01EB9FFE6E}.Release|Win32.Build.0 = Release|Win32
		{B1271452-B5C7-4308-A51F-8F01EB9FFE6E}.Release|Win32.Deploy.0 = Release|Win32
		{B1271452-B5C7-4308-A51F-8F01EB9FFE6E}.Release|x64.ActiveCfg = Release|x64
		{B1271452-B5C7-4308-A51F-8F01EB9FFE6E}.Release|x64.Build.0 = Release|x64
		{B1271452-B5C7-4308-A51F-8F01EB9FFE6E}.Release|x64.Deploy.0 = Release|x64
		{0B210C00-4E3E-4E8A-AFBC-D929526A83CE}.Debug|ARM.ActiveCfg = Debug|ARM
		{0B210C00-4E3E-4E8A-AFBC-D929526A83CE}.Debug|ARM.Build.0 = Debug|ARM
		{0B210C00-4E3E-4E8A-AFBC-D929526A83CE}.Debug|ARM.Deploy.0 = Debug|ARM
		{0B210C00-4E3E-4E8A-AFBC-D929526A83CE}.Debug|Win32.ActiveCfg = Debug|Win32
		{0B210C00-4E3E-4E8A-AFBC-D929526A83CE}.Debug|Win32.Build.0 = Debug|Win32
		{0B210C00-4E3E-4E8A-AFBC-D929526A83CE}.Debug|Win32.Deploy.0 = Debug|Win32
		{0B210C00-4E3E-4E8A-AFBC-D929526A83CE}.Debug|x64.ActiveCfg = Debug|x64
		{0B210C00-4E3E-4E8A-AFBC-D929526A83CE}.Debug|x64.Build.0 = Debug|x64
		{0B210C00-4E3E-4E8A-AFBC-D929526A83CE}.Debug|x64.Deploy.0 = Debug|x64
		{0B210C00-4E3E-4E8A-AFBC-D929526A83CE}.Release|ARM.ActiveCfg = Release|ARM
		{0B210C00-4E3E-4E8A-AFBC-D929526A83CE}.Release|ARM.Build.0 = Release|ARM
		{0B210C00-4E3E-4E8A-AFBC-D929526A83CE}.Release|ARM.Deploy.0 = Release|ARM
		{0B210C00-4E3E-4E8A-AFBC-D929526A83CE}.Release|Win32.ActiveCfg = Release|Win32
		{0B210C00-4E3E-4E8A-AFBC-D929526A83CE}.Release|Win32.Build.0 = Release|Win32
		{0B210C00-4E3E-4E8A-AFBC-D929526A83CE}.Release|Win32.Deploy.0 = Release|Win32
		{0B210C00-4E3E-4E8A-AFBC-D929526A83CE}.Release|x64.ActiveCfg = Release|x64
		{0B210C00-4E3E-4E8A-AFBC-D929526A83CE}.Release|x64.Build.0 = Release|x64
		{0B210C00-4E3E-4E8A-AFBC-D929526A83CE}.Release|x64.Deploy.0 = Release|x64
	EndGlobalSection
	GlobalSection(SolutionProperties) = preSolution
		HideSolutionNode = FALSE
	EndGlobalSection
EndGlobal
